
Microsoft Visual Studio Solution File, Format Version 12.00
# Visual Studio Version 16
VisualStudioVersion = 16.0.29613.14
MinimumVisualStudioVersion = 10.0.40219.1
Project("{9A19103F-16F7-4668-BE54-9A1E7A4F7556}") = "Microsoft.Teams.App.Badges", "Microsoft.Teams.App.Badges\Microsoft.Teams.App.Badges.csproj", "{DB52CF87-AF68-44A6-8F29-E20C431CE8D9}"
EndProject
Global
	GlobalSection(SolutionConfigurationPlatforms) = preSolution
		Debug|Any CPU = Debug|Any CPU
		Release|Any CPU = Release|Any CPU
	EndGlobalSection
	GlobalSection(ProjectConfigurationPlatforms) = postSolution
		{DB52CF87-AF68-44A6-8F29-E20C431CE8D9}.Debug|Any CPU.ActiveCfg = Debug|Any CPU
		{DB52CF87-AF68-44A6-8F29-E20C431CE8D9}.Debug|Any CPU.Build.0 = Debug|Any CPU
		{DB52CF87-AF68-44A6-8F29-E20C431CE8D9}.Release|Any CPU.ActiveCfg = Release|Any CPU
		{DB52CF87-AF68-44A6-8F29-E20C431CE8D9}.Release|Any CPU.Build.0 = Release|Any CPU
	EndGlobalSection
	GlobalSection(SolutionProperties) = preSolution
		HideSolutionNode = FALSE
	EndGlobalSection
	GlobalSection(ExtensibilityGlobals) = postSolution
		SolutionGuid = {3509AEC1-FBF6-4A7A-A2E1-EAB5430F8177}
	EndGlobalSection
EndGlobal
